
Microsoft Visual Studio Solution File, Format Version 12.00
# Visual Studio Version 17
VisualStudioVersion = 17.9.34714.143
MinimumVisualStudioVersion = 10.0.40219.1
Project("{FAE04EC0-301F-11D3-BF4B-00C04F79EFBC}") = "RandomUserService", "RandomUserService.csproj", "{206D5680-9A74-4424-8546-028AA878B851}"
EndProject
Global
	GlobalSection(SolutionConfigurationPlatforms) = preSolution
		Debug|Any CPU = Debug|Any CPU
		Release|Any CPU = Release|Any CPU
	EndGlobalSection
	GlobalSection(ProjectConfigurationPlatforms) = postSolution
		{206D5680-9A74-4424-8546-028AA878B851}.Debug|Any CPU.ActiveCfg = Debug|Any CPU
		{206D5680-9A74-4424-8546-028AA878B851}.Debug|Any CPU.Build.0 = Debug|Any CPU
		{206D5680-9A74-4424-8546-028AA878B851}.Release|Any CPU.ActiveCfg = Release|Any CPU
		{206D5680-9A74-4424-8546-028AA878B851}.Release|Any CPU.Build.0 = Release|Any CPU
	EndGlobalSection
	GlobalSection(SolutionProperties) = preSolution
		HideSolutionNode = FALSE
	EndGlobalSection
	GlobalSection(ExtensibilityGlobals) = postSolution
		SolutionGuid = {481BD80C-9528-48F3-A104-8C2105ADF702}
	EndGlobalSection
EndGlobal
